
Microsoft Visual Studio Solution File, Format Version 12.00
Project("{2150E333-8FDC-42A3-9474-1A3956D46DE8}") = "0_Solution_Items", "0_Solution_Items", "{A6940FCD-3D6D-44F1-8961-02E775E0D35F}"
	ProjectSection(SolutionItems) = preProject
		README.md = README.md
		Directory.Build.props = Directory.Build.props
		.gitignore = .gitignore
		docker-compose.yml = docker-compose.yml
		Dockerfile = Dockerfile
		.dockerignore = .dockerignore
		registry-backend-postgres.yml = registry-backend-postgres.yml
	EndProjectSection
EndProject
Project("{2150E333-8FDC-42A3-9474-1A3956D46DE8}") = "1_App", "1_App", "{77BFDFFC-FECE-4B4C-827B-4475D539554B}"
EndProject
Project("{2150E333-8FDC-42A3-9474-1A3956D46DE8}") = "2_Base", "2_Base", "{6E4DCCF8-5AA3-4D61-ACAE-CDEB03E635B2}"
EndProject
Project("{FAE04EC0-301F-11D3-BF4B-00C04F79EFBC}") = "App.Domain", "App.Domain\App.Domain.csproj", "{46FDAD2A-C32D-4670-8276-9BC866DE6960}"
EndProject
Project("{FAE04EC0-301F-11D3-BF4B-00C04F79EFBC}") = "Base.Contracts.Domain", "Base.Contracts.Domain\Base.Contracts.Domain.csproj", "{DA9A8A61-FFAD-484A-976A-315B4E198C86}"
EndProject
Project("{FAE04EC0-301F-11D3-BF4B-00C04F79EFBC}") = "Base.Domain", "Base.Domain\Base.Domain.csproj", "{9F0AC03B-DCCB-4285-9B46-D4237EDBAB0C}"
EndProject
Project("{FAE04EC0-301F-11D3-BF4B-00C04F79EFBC}") = "App.DAL.EF", "App.DAL.EF\App.DAL.EF.csproj", "{79444356-2026-4031-ABE5-F9E154735C06}"
EndProject
Project("{FAE04EC0-301F-11D3-BF4B-00C04F79EFBC}") = "WebApp", "WebApp\WebApp.csproj", "{DCAD3419-E26A-4882-92EE-A3B79741F48E}"
EndProject
Project("{FAE04EC0-301F-11D3-BF4B-00C04F79EFBC}") = "App.DAL.DTO", "App.DAL.DTO\App.DAL.DTO.csproj", "{6677401D-0117-4EC4-9E0E-208DFD210C0F}"
EndProject
Project("{FAE04EC0-301F-11D3-BF4B-00C04F79EFBC}") = "App.Contracts.DAL", "App.Contracts.DAL\App.Contracts.DAL.csproj", "{BCC5AE80-9C6A-452F-B6F6-703623EFF133}"
EndProject
Project("{FAE04EC0-301F-11D3-BF4B-00C04F79EFBC}") = "Base.Contracts.DAL", "Base.Contracts.DAL\Base.Contracts.DAL.csproj", "{D70F9ABF-518A-44A6-B107-34FD5C23DB26}"
EndProject
Project("{FAE04EC0-301F-11D3-BF4B-00C04F79EFBC}") = "Base.DAL.EF", "Base.DAL.EF\Base.DAL.EF.csproj", "{DDF229F4-0FDD-4BBF-81B6-52445AF175C0}"
EndProject
Global
	GlobalSection(SolutionConfigurationPlatforms) = preSolution
		Debug|Any CPU = Debug|Any CPU
		Release|Any CPU = Release|Any CPU
	EndGlobalSection
	GlobalSection(ProjectConfigurationPlatforms) = postSolution
		{46FDAD2A-C32D-4670-8276-9BC866DE6960}.Debug|Any CPU.ActiveCfg = Debug|Any CPU
		{46FDAD2A-C32D-4670-8276-9BC866DE6960}.Debug|Any CPU.Build.0 = Debug|Any CPU
		{46FDAD2A-C32D-4670-8276-9BC866DE6960}.Release|Any CPU.ActiveCfg = Release|Any CPU
		{46FDAD2A-C32D-4670-8276-9BC866DE6960}.Release|Any CPU.Build.0 = Release|Any CPU
		{DA9A8A61-FFAD-484A-976A-315B4E198C86}.Debug|Any CPU.ActiveCfg = Debug|Any CPU
		{DA9A8A61-FFAD-484A-976A-315B4E198C86}.Debug|Any CPU.Build.0 = Debug|Any CPU
		{DA9A8A61-FFAD-484A-976A-315B4E198C86}.Release|Any CPU.ActiveCfg = Release|Any CPU
		{DA9A8A61-FFAD-484A-976A-315B4E198C86}.Release|Any CPU.Build.0 = Release|Any CPU
		{9F0AC03B-DCCB-4285-9B46-D4237EDBAB0C}.Debug|Any CPU.ActiveCfg = Debug|Any CPU
		{9F0AC03B-DCCB-4285-9B46-D4237EDBAB0C}.Debug|Any CPU.Build.0 = Debug|Any CPU
		{9F0AC03B-DCCB-4285-9B46-D4237EDBAB0C}.Release|Any CPU.ActiveCfg = Release|Any CPU
		{9F0AC03B-DCCB-4285-9B46-D4237EDBAB0C}.Release|Any CPU.Build.0 = Release|Any CPU
		{79444356-2026-4031-ABE5-F9E154735C06}.Debug|Any CPU.ActiveCfg = Debug|Any CPU
		{79444356-2026-4031-ABE5-F9E154735C06}.Debug|Any CPU.Build.0 = Debug|Any CPU
		{79444356-2026-4031-ABE5-F9E154735C06}.Release|Any CPU.ActiveCfg = Release|Any CPU
		{79444356-2026-4031-ABE5-F9E154735C06}.Release|Any CPU.Build.0 = Release|Any CPU
		{DCAD3419-E26A-4882-92EE-A3B79741F48E}.Debug|Any CPU.ActiveCfg = Debug|Any CPU
		{DCAD3419-E26A-4882-92EE-A3B79741F48E}.Debug|Any CPU.Build.0 = Debug|Any CPU
		{DCAD3419-E26A-4882-92EE-A3B79741F48E}.Release|Any CPU.ActiveCfg = Release|Any CPU
		{DCAD3419-E26A-4882-92EE-A3B79741F48E}.Release|Any CPU.Build.0 = Release|Any CPU
		{6677401D-0117-4EC4-9E0E-208DFD210C0F}.Debug|Any CPU.ActiveCfg = Debug|Any CPU
		{6677401D-0117-4EC4-9E0E-208DFD210C0F}.Debug|Any CPU.Build.0 = Debug|Any CPU
		{6677401D-0117-4EC4-9E0E-208DFD210C0F}.Release|Any CPU.ActiveCfg = Release|Any CPU
		{6677401D-0117-4EC4-9E0E-208DFD210C0F}.Release|Any CPU.Build.0 = Release|Any CPU
		{BCC5AE80-9C6A-452F-B6F6-703623EFF133}.Debug|Any CPU.ActiveCfg = Debug|Any CPU
		{BCC5AE80-9C6A-452F-B6F6-703623EFF133}.Debug|Any CPU.Build.0 = Debug|Any CPU
		{BCC5AE80-9C6A-452F-B6F6-703623EFF133}.Release|Any CPU.ActiveCfg = Release|Any CPU
		{BCC5AE80-9C6A-452F-B6F6-703623EFF133}.Release|Any CPU.Build.0 = Release|Any CPU
		{D70F9ABF-518A-44A6-B107-34FD5C23DB26}.Debug|Any CPU.ActiveCfg = Debug|Any CPU
		{D70F9ABF-518A-44A6-B107-34FD5C23DB26}.Debug|Any CPU.Build.0 = Debug|Any CPU
		{D70F9ABF-518A-44A6-B107-34FD5C23DB26}.Release|Any CPU.ActiveCfg = Release|Any CPU
		{D70F9ABF-518A-44A6-B107-34FD5C23DB26}.Release|Any CPU.Build.0 = Release|Any CPU
		{DDF229F4-0FDD-4BBF-81B6-52445AF175C0}.Debug|Any CPU.ActiveCfg = Debug|Any CPU
		{DDF229F4-0FDD-4BBF-81B6-52445AF175C0}.Debug|Any CPU.Build.0 = Debug|Any CPU
		{DDF229F4-0FDD-4BBF-81B6-52445AF175C0}.Release|Any CPU.ActiveCfg = Release|Any CPU
		{DDF229F4-0FDD-4BBF-81B6-52445AF175C0}.Release|Any CPU.Build.0 = Release|Any CPU
	EndGlobalSection
	GlobalSection(NestedProjects) = preSolution
		{46FDAD2A-C32D-4670-8276-9BC866DE6960} = {77BFDFFC-FECE-4B4C-827B-4475D539554B}
		{DA9A8A61-FFAD-484A-976A-315B4E198C86} = {6E4DCCF8-5AA3-4D61-ACAE-CDEB03E635B2}
		{9F0AC03B-DCCB-4285-9B46-D4237EDBAB0C} = {6E4DCCF8-5AA3-4D61-ACAE-CDEB03E635B2}
		{79444356-2026-4031-ABE5-F9E154735C06} = {77BFDFFC-FECE-4B4C-827B-4475D539554B}
		{DCAD3419-E26A-4882-92EE-A3B79741F48E} = {77BFDFFC-FECE-4B4C-827B-4475D539554B}
		{6677401D-0117-4EC4-9E0E-208DFD210C0F} = {77BFDFFC-FECE-4B4C-827B-4475D539554B}
		{BCC5AE80-9C6A-452F-B6F6-703623EFF133} = {77BFDFFC-FECE-4B4C-827B-4475D539554B}
		{D70F9ABF-518A-44A6-B107-34FD5C23DB26} = {6E4DCCF8-5AA3-4D61-ACAE-CDEB03E635B2}
		{DDF229F4-0FDD-4BBF-81B6-52445AF175C0} = {6E4DCCF8-5AA3-4D61-ACAE-CDEB03E635B2}
	EndGlobalSection
EndGlobal
